<Solution>
  <Project Path="NaughtyAttributes.Test.csproj" />
  <Project Path="NaughtyAttributes.Core.csproj" />
  <Project Path="Assembly-CSharp.csproj" />
  <Project Path="NaughtyAttributes.Editor.csproj" />
  <Project Path="Unity.XR.Interaction.Toolkit.Samples.DeviceSimulator.csproj" />
  <Project Path="Unity.XR.Interaction.Toolkit.Samples.StarterAssets.csproj" />
  <Project Path="Unity.XR.Interaction.Toolkit.Samples.StarterAssets.Editor.csproj" />
</Solution>
